
Microsoft Visual Studio Solution File, Format Version 12.00
# Visual Studio Version 16
VisualStudioVersion = 16.0.31220.234
MinimumVisualStudioVersion = 10.0.40219.1
Project("{9A19103F-16F7-4668-BE54-9A1E7A4F7556}") = "ClassTestApp", "ClassTestApp\ClassTestApp.csproj", "{95E3E1D0-7C30-44EB-9C27-042AEC3A5210}"
EndProject
Project("{9A19103F-16F7-4668-BE54-9A1E7A4F7556}") = "InterfaceTestApp", "InterfaceTestApp\InterfaceTestApp.csproj", "{FFAB032D-72AB-440B-A403-D74318AAB6EE}"
EndProject
Project("{9A19103F-16F7-4668-BE54-9A1E7A4F7556}") = "UsingInterfaceTestApp", "UsingInterfaceTestApp\UsingInterfaceTestApp.csproj", "{E137BDAC-9AF3-4714-8584-F42ECE92DC8B}"
EndProject
Project("{9A19103F-16F7-4668-BE54-9A1E7A4F7556}") = "AbstractClassTestApp", "AbstractClassTestApp\AbstractClassTestApp.csproj", "{9F19C729-D532-40BD-9BAF-16CEC1AD00A9}"
EndProject
Project("{9A19103F-16F7-4668-BE54-9A1E7A4F7556}") = "PropertyTestApp", "PropertyTestApp\PropertyTestApp.csproj", "{2E032D26-DEBD-4B05-89C3-1A498BDD6697}"
EndProject
Project("{9A19103F-16F7-4668-BE54-9A1E7A4F7556}") = "ArrayTestApp", "ArrayTestApp\ArrayTestApp.csproj", "{8E9471A1-27F3-4319-86CB-952E38A7D42F}"
EndProject
Project("{9A19103F-16F7-4668-BE54-9A1E7A4F7556}") = "ArrayClassTestApp", "ArrayClassTestApp\ArrayClassTestApp.csproj", "{64FCEDC6-5C9E-4222-834A-2AA860E04D9E}"
EndProject
Project("{9A19103F-16F7-4668-BE54-9A1E7A4F7556}") = "CollectionTestApp", "CollectionTestApp\CollectionTestApp.csproj", "{E4D71C70-E424-4C9F-9B23-877A139BCF36}"
EndProject
Project("{9A19103F-16F7-4668-BE54-9A1E7A4F7556}") = "QueueTestApp", "QueueTestApp\QueueTestApp.csproj", "{7D9B0872-1A9D-4616-BA61-899B7C16BF49}"
EndProject
Project("{9A19103F-16F7-4668-BE54-9A1E7A4F7556}") = "IndexerTestApp", "IndexerTestApp\IndexerTestApp.csproj", "{B759BFF6-6241-441B-936D-B94897DD6587}"
EndProject
Project("{FAE04EC0-301F-11D3-BF4B-00C04F79EFBC}") = "GenericTestApp", "GenericTestApp\GenericTestApp.csproj", "{2B5F3FAC-2AD2-4553-B48C-5EDA32E25D3E}"
EndProject
Project("{FAE04EC0-301F-11D3-BF4B-00C04F79EFBC}") = "GenericTestApp2", "GenericTestApp2\GenericTestApp2.csproj", "{F2467296-1CE9-4374-80A1-5DC653432D0D}"
EndProject
Project("{FAE04EC0-301F-11D3-BF4B-00C04F79EFBC}") = "GenericMyListApp", "GenericMyListApp\GenericMyListApp.csproj", "{C1AEBFDD-6926-43C0-9593-FAD99605B16E}"
EndProject
Project("{FAE04EC0-301F-11D3-BF4B-00C04F79EFBC}") = "GenericCollectionTestApp", "GenericCollectionTestApp\GenericCollectionTestApp.csproj", "{0880EC06-1CB6-40A1-B88E-9A8D6D021879}"
EndProject
Project("{FAE04EC0-301F-11D3-BF4B-00C04F79EFBC}") = "ExceptionTestApp", "ExceptionTestApp\ExceptionTestApp.csproj", "{FF5DF71A-212F-4AB0-917B-D6D391BBBAE0}"
EndProject
Project("{FAE04EC0-301F-11D3-BF4B-00C04F79EFBC}") = "DelegateTestApp", "DelegateTestApp\DelegateTestApp.csproj", "{B1A0D3A5-9524-47D1-A298-ABFD53855648}"
EndProject
Project("{FAE04EC0-301F-11D3-BF4B-00C04F79EFBC}") = "DelegateChainTestApp", "DelegateChainTestApp\DelegateChainTestApp.csproj", "{060548F3-812B-4B9E-91D6-D130335164E8}"
EndProject
Project("{FAE04EC0-301F-11D3-BF4B-00C04F79EFBC}") = "EventHandlerTestApp", "EventHandlerTestApp\EventHandlerTestApp.csproj", "{533F6E64-83D4-4D3B-899B-E232518AA0C7}"
EndProject
Project("{FAE04EC0-301F-11D3-BF4B-00C04F79EFBC}") = "EventHandlerCheckApp", "EventHandlerCheckApp\EventHandlerCheckApp.csproj", "{5BFF3CDE-B525-4463-A431-04513C17CFBD}"
EndProject
Global
	GlobalSection(SolutionConfigurationPlatforms) = preSolution
		Debug|Any CPU = Debug|Any CPU
		Release|Any CPU = Release|Any CPU
	EndGlobalSection
	GlobalSection(ProjectConfigurationPlatforms) = postSolution
		{95E3E1D0-7C30-44EB-9C27-042AEC3A5210}.Debug|Any CPU.ActiveCfg = Debug|Any CPU
		{95E3E1D0-7C30-44EB-9C27-042AEC3A5210}.Debug|Any CPU.Build.0 = Debug|Any CPU
		{95E3E1D0-7C30-44EB-9C27-042AEC3A5210}.Release|Any CPU.ActiveCfg = Release|Any CPU
		{95E3E1D0-7C30-44EB-9C27-042AEC3A5210}.Release|Any CPU.Build.0 = Release|Any CPU
		{FFAB032D-72AB-440B-A403-D74318AAB6EE}.Debug|Any CPU.ActiveCfg = Debug|Any CPU
		{FFAB032D-72AB-440B-A403-D74318AAB6EE}.Debug|Any CPU.Build.0 = Debug|Any CPU
		{FFAB032D-72AB-440B-A403-D74318AAB6EE}.Release|Any CPU.ActiveCfg = Release|Any CPU
		{FFAB032D-72AB-440B-A403-D74318AAB6EE}.Release|Any CPU.Build.0 = Release|Any CPU
		{E137BDAC-9AF3-4714-8584-F42ECE92DC8B}.Debug|Any CPU.ActiveCfg = Debug|Any CPU
		{E137BDAC-9AF3-4714-8584-F42ECE92DC8B}.Debug|Any CPU.Build.0 = Debug|Any CPU
		{E137BDAC-9AF3-4714-8584-F42ECE92DC8B}.Release|Any CPU.ActiveCfg = Release|Any CPU
		{E137BDAC-9AF3-4714-8584-F42ECE92DC8B}.Release|Any CPU.Build.0 = Release|Any CPU
		{9F19C729-D532-40BD-9BAF-16CEC1AD00A9}.Debug|Any CPU.ActiveCfg = Debug|Any CPU
		{9F19C729-D532-40BD-9BAF-16CEC1AD00A9}.Debug|Any CPU.Build.0 = Debug|Any CPU
		{9F19C729-D532-40BD-9BAF-16CEC1AD00A9}.Release|Any CPU.ActiveCfg = Release|Any CPU
		{9F19C729-D532-40BD-9BAF-16CEC1AD00A9}.Release|Any CPU.Build.0 = Release|Any CPU
		{2E032D26-DEBD-4B05-89C3-1A498BDD6697}.Debug|Any CPU.ActiveCfg = Debug|Any CPU
		{2E032D26-DEBD-4B05-89C3-1A498BDD6697}.Debug|Any CPU.Build.0 = Debug|Any CPU
		{2E032D26-DEBD-4B05-89C3-1A498BDD6697}.Release|Any CPU.ActiveCfg = Release|Any CPU
		{2E032D26-DEBD-4B05-89C3-1A498BDD6697}.Release|Any CPU.Build.0 = Release|Any CPU
		{8E9471A1-27F3-4319-86CB-952E38A7D42F}.Debug|Any CPU.ActiveCfg = Debug|Any CPU
		{8E9471A1-27F3-4319-86CB-952E38A7D42F}.Debug|Any CPU.Build.0 = Debug|Any CPU
		{8E9471A1-27F3-4319-86CB-952E38A7D42F}.Release|Any CPU.ActiveCfg = Release|Any CPU
		{8E9471A1-27F3-4319-86CB-952E38A7D42F}.Release|Any CPU.Build.0 = Release|Any CPU
		{64FCEDC6-5C9E-4222-834A-2AA860E04D9E}.Debug|Any CPU.ActiveCfg = Debug|Any CPU
		{64FCEDC6-5C9E-4222-834A-2AA860E04D9E}.Debug|Any CPU.Build.0 = Debug|Any CPU
		{64FCEDC6-5C9E-4222-834A-2AA860E04D9E}.Release|Any CPU.ActiveCfg = Release|Any CPU
		{64FCEDC6-5C9E-4222-834A-2AA860E04D9E}.Release|Any CPU.Build.0 = Release|Any CPU
		{E4D71C70-E424-4C9F-9B23-877A139BCF36}.Debug|Any CPU.ActiveCfg = Debug|Any CPU
		{E4D71C70-E424-4C9F-9B23-877A139BCF36}.Debug|Any CPU.Build.0 = Debug|Any CPU
		{E4D71C70-E424-4C9F-9B23-877A139BCF36}.Release|Any CPU.ActiveCfg = Release|Any CPU
		{E4D71C70-E424-4C9F-9B23-877A139BCF36}.Release|Any CPU.Build.0 = Release|Any CPU
		{7D9B0872-1A9D-4616-BA61-899B7C16BF49}.Debug|Any CPU.ActiveCfg = Debug|Any CPU
		{7D9B0872-1A9D-4616-BA61-899B7C16BF49}.Debug|Any CPU.Build.0 = Debug|Any CPU
		{7D9B0872-1A9D-4616-BA61-899B7C16BF49}.Release|Any CPU.ActiveCfg = Release|Any CPU
		{7D9B0872-1A9D-4616-BA61-899B7C16BF49}.Release|Any CPU.Build.0 = Release|Any CPU
		{B759BFF6-6241-441B-936D-B94897DD6587}.Debug|Any CPU.ActiveCfg = Debug|Any CPU
		{B759BFF6-6241-441B-936D-B94897DD6587}.Debug|Any CPU.Build.0 = Debug|Any CPU
		{B759BFF6-6241-441B-936D-B94897DD6587}.Release|Any CPU.ActiveCfg = Release|Any CPU
		{B759BFF6-6241-441B-936D-B94897DD6587}.Release|Any CPU.Build.0 = Release|Any CPU
		{2B5F3FAC-2AD2-4553-B48C-5EDA32E25D3E}.Debug|Any CPU.ActiveCfg = Debug|Any CPU
		{2B5F3FAC-2AD2-4553-B48C-5EDA32E25D3E}.Debug|Any CPU.Build.0 = Debug|Any CPU
		{2B5F3FAC-2AD2-4553-B48C-5EDA32E25D3E}.Release|Any CPU.ActiveCfg = Release|Any CPU
		{2B5F3FAC-2AD2-4553-B48C-5EDA32E25D3E}.Release|Any CPU.Build.0 = Release|Any CPU
		{F2467296-1CE9-4374-80A1-5DC653432D0D}.Debug|Any CPU.ActiveCfg = Debug|Any CPU
		{F2467296-1CE9-4374-80A1-5DC653432D0D}.Debug|Any CPU.Build.0 = Debug|Any CPU
		{F2467296-1CE9-4374-80A1-5DC653432D0D}.Release|Any CPU.ActiveCfg = Release|Any CPU
		{F2467296-1CE9-4374-80A1-5DC653432D0D}.Release|Any CPU.Build.0 = Release|Any CPU
		{C1AEBFDD-6926-43C0-9593-FAD99605B16E}.Debug|Any CPU.ActiveCfg = Debug|Any CPU
		{C1AEBFDD-6926-43C0-9593-FAD99605B16E}.Debug|Any CPU.Build.0 = Debug|Any CPU
		{C1AEBFDD-6926-43C0-9593-FAD99605B16E}.Release|Any CPU.ActiveCfg = Release|Any CPU
		{C1AEBFDD-6926-43C0-9593-FAD99605B16E}.Release|Any CPU.Build.0 = Release|Any CPU
		{0880EC06-1CB6-40A1-B88E-9A8D6D021879}.Debug|Any CPU.ActiveCfg = Debug|Any CPU
		{0880EC06-1CB6-40A1-B88E-9A8D6D021879}.Debug|Any CPU.Build.0 = Debug|Any CPU
		{0880EC06-1CB6-40A1-B88E-9A8D6D021879}.Release|Any CPU.ActiveCfg = Release|Any CPU
		{0880EC06-1CB6-40A1-B88E-9A8D6D021879}.Release|Any CPU.Build.0 = Release|Any CPU
		{FF5DF71A-212F-4AB0-917B-D6D391BBBAE0}.Debug|Any CPU.ActiveCfg = Debug|Any CPU
		{FF5DF71A-212F-4AB0-917B-D6D391BBBAE0}.Debug|Any CPU.Build.0 = Debug|Any CPU
		{FF5DF71A-212F-4AB0-917B-D6D391BBBAE0}.Release|Any CPU.ActiveCfg = Release|Any CPU
		{FF5DF71A-212F-4AB0-917B-D6D391BBBAE0}.Release|Any CPU.Build.0 = Release|Any CPU
		{B1A0D3A5-9524-47D1-A298-ABFD53855648}.Debug|Any CPU.ActiveCfg = Debug|Any CPU
		{B1A0D3A5-9524-47D1-A298-ABFD53855648}.Debug|Any CPU.Build.0 = Debug|Any CPU
		{B1A0D3A5-9524-47D1-A298-ABFD53855648}.Release|Any CPU.ActiveCfg = Release|Any CPU
		{B1A0D3A5-9524-47D1-A298-ABFD53855648}.Release|Any CPU.Build.0 = Release|Any CPU
		{060548F3-812B-4B9E-91D6-D130335164E8}.Debug|Any CPU.ActiveCfg = Debug|Any CPU
		{060548F3-812B-4B9E-91D6-D130335164E8}.Debug|Any CPU.Build.0 = Debug|Any CPU
		{060548F3-812B-4B9E-91D6-D130335164E8}.Release|Any CPU.ActiveCfg = Release|Any CPU
		{060548F3-812B-4B9E-91D6-D130335164E8}.Release|Any CPU.Build.0 = Release|Any CPU
		{533F6E64-83D4-4D3B-899B-E232518AA0C7}.Debug|Any CPU.ActiveCfg = Debug|Any CPU
		{533F6E64-83D4-4D3B-899B-E232518AA0C7}.Debug|Any CPU.Build.0 = Debug|Any CPU
		{533F6E64-83D4-4D3B-899B-E232518AA0C7}.Release|Any CPU.ActiveCfg = Release|Any CPU
		{533F6E64-83D4-4D3B-899B-E232518AA0C7}.Release|Any CPU.Build.0 = Release|Any CPU
		{5BFF3CDE-B525-4463-A431-04513C17CFBD}.Debug|Any CPU.ActiveCfg = Debug|Any CPU
		{5BFF3CDE-B525-4463-A431-04513C17CFBD}.Debug|Any CPU.Build.0 = Debug|Any CPU
		{5BFF3CDE-B525-4463-A431-04513C17CFBD}.Release|Any CPU.ActiveCfg = Release|Any CPU
		{5BFF3CDE-B525-4463-A431-04513C17CFBD}.Release|Any CPU.Build.0 = Release|Any CPU
	EndGlobalSection
	GlobalSection(SolutionProperties) = preSolution
		HideSolutionNode = FALSE
	EndGlobalSection
	GlobalSection(ExtensibilityGlobals) = postSolution
		SolutionGuid = {3676EC5E-8385-427D-88B6-A84167C2382C}
	EndGlobalSection
EndGlobal
