
Microsoft Visual Studio Solution File, Format Version 12.00
# Visual Studio Version 16
VisualStudioVersion = 16.0.31220.234
MinimumVisualStudioVersion = 10.0.40219.1
Project("{9A19103F-16F7-4668-BE54-9A1E7A4F7556}") = "ClassTestApp", "ClassTestApp\ClassTestApp.csproj", "{95E3E1D0-7C30-44EB-9C27-042AEC3A5210}"
EndProject
Project("{FAE04EC0-301F-11D3-BF4B-00C04F79EFBC}") = "InterfaceTestApp", "InterfaceTestApp\InterfaceTestApp.csproj", "{FFAB032D-72AB-440B-A403-D74318AAB6EE}"
EndProject
Project("{FAE04EC0-301F-11D3-BF4B-00C04F79EFBC}") = "UsingInterfaceTestApp", "UsingInterfaceTestApp\UsingInterfaceTestApp.csproj", "{E137BDAC-9AF3-4714-8584-F42ECE92DC8B}"
EndProject
Global
	GlobalSection(SolutionConfigurationPlatforms) = preSolution
		Debug|Any CPU = Debug|Any CPU
		Release|Any CPU = Release|Any CPU
	EndGlobalSection
	GlobalSection(ProjectConfigurationPlatforms) = postSolution
		{95E3E1D0-7C30-44EB-9C27-042AEC3A5210}.Debug|Any CPU.ActiveCfg = Debug|Any CPU
		{95E3E1D0-7C30-44EB-9C27-042AEC3A5210}.Debug|Any CPU.Build.0 = Debug|Any CPU
		{95E3E1D0-7C30-44EB-9C27-042AEC3A5210}.Release|Any CPU.ActiveCfg = Release|Any CPU
		{95E3E1D0-7C30-44EB-9C27-042AEC3A5210}.Release|Any CPU.Build.0 = Release|Any CPU
		{FFAB032D-72AB-440B-A403-D74318AAB6EE}.Debug|Any CPU.ActiveCfg = Debug|Any CPU
		{FFAB032D-72AB-440B-A403-D74318AAB6EE}.Debug|Any CPU.Build.0 = Debug|Any CPU
		{FFAB032D-72AB-440B-A403-D74318AAB6EE}.Release|Any CPU.ActiveCfg = Release|Any CPU
		{FFAB032D-72AB-440B-A403-D74318AAB6EE}.Release|Any CPU.Build.0 = Release|Any CPU
		{E137BDAC-9AF3-4714-8584-F42ECE92DC8B}.Debug|Any CPU.ActiveCfg = Debug|Any CPU
		{E137BDAC-9AF3-4714-8584-F42ECE92DC8B}.Debug|Any CPU.Build.0 = Debug|Any CPU
		{E137BDAC-9AF3-4714-8584-F42ECE92DC8B}.Release|Any CPU.ActiveCfg = Release|Any CPU
		{E137BDAC-9AF3-4714-8584-F42ECE92DC8B}.Release|Any CPU.Build.0 = Release|Any CPU
	EndGlobalSection
	GlobalSection(SolutionProperties) = preSolution
		HideSolutionNode = FALSE
	EndGlobalSection
	GlobalSection(ExtensibilityGlobals) = postSolution
		SolutionGuid = {3676EC5E-8385-427D-88B6-A84167C2382C}
	EndGlobalSection
EndGlobal
